
Microsoft Visual Studio Solution File, Format Version 12.00
# Visual Studio 15
VisualStudioVersion = 15.0.26124.0
MinimumVisualStudioVersion = 15.0.26124.0
Project("{FAE04EC0-301F-11D3-BF4B-00C04F79EFBC}") = "App.Services.Identity", "App.Services.Identity\App.Services.Identity.csproj", "{FF5459A0-EA73-48AE-8643-16B2E86CFB92}"
EndProject
Project("{FAE04EC0-301F-11D3-BF4B-00C04F79EFBC}") = "App.Services.Identity.Tests", "App.Services.Identity.Tests\App.Services.Identity.Tests.csproj", "{5A4F697F-FDD1-4A57-8C0A-4C2C99AEA4B5}"
EndProject
Project("{FAE04EC0-301F-11D3-BF4B-00C04F79EFBC}") = "App.Framework", "..\App.Framework\App.Framework.csproj", "{F1959E05-E108-4423-B5BD-075F12BF8100}"
EndProject
Global
	GlobalSection(SolutionConfigurationPlatforms) = preSolution
		Debug|Any CPU = Debug|Any CPU
		Debug|x64 = Debug|x64
		Debug|x86 = Debug|x86
		Release|Any CPU = Release|Any CPU
		Release|x64 = Release|x64
		Release|x86 = Release|x86
	EndGlobalSection
	GlobalSection(SolutionProperties) = preSolution
		HideSolutionNode = FALSE
	EndGlobalSection
	GlobalSection(ProjectConfigurationPlatforms) = postSolution
		{FF5459A0-EA73-48AE-8643-16B2E86CFB92}.Debug|Any CPU.ActiveCfg = Debug|Any CPU
		{FF5459A0-EA73-48AE-8643-16B2E86CFB92}.Debug|Any CPU.Build.0 = Debug|Any CPU
		{FF5459A0-EA73-48AE-8643-16B2E86CFB92}.Debug|x64.ActiveCfg = Debug|Any CPU
		{FF5459A0-EA73-48AE-8643-16B2E86CFB92}.Debug|x64.Build.0 = Debug|Any CPU
		{FF5459A0-EA73-48AE-8643-16B2E86CFB92}.Debug|x86.ActiveCfg = Debug|Any CPU
		{FF5459A0-EA73-48AE-8643-16B2E86CFB92}.Debug|x86.Build.0 = Debug|Any CPU
		{FF5459A0-EA73-48AE-8643-16B2E86CFB92}.Release|Any CPU.ActiveCfg = Release|Any CPU
		{FF5459A0-EA73-48AE-8643-16B2E86CFB92}.Release|Any CPU.Build.0 = Release|Any CPU
		{FF5459A0-EA73-48AE-8643-16B2E86CFB92}.Release|x64.ActiveCfg = Release|Any CPU
		{FF5459A0-EA73-48AE-8643-16B2E86CFB92}.Release|x64.Build.0 = Release|Any CPU
		{FF5459A0-EA73-48AE-8643-16B2E86CFB92}.Release|x86.ActiveCfg = Release|Any CPU
		{FF5459A0-EA73-48AE-8643-16B2E86CFB92}.Release|x86.Build.0 = Release|Any CPU
		{5A4F697F-FDD1-4A57-8C0A-4C2C99AEA4B5}.Debug|Any CPU.ActiveCfg = Debug|Any CPU
		{5A4F697F-FDD1-4A57-8C0A-4C2C99AEA4B5}.Debug|Any CPU.Build.0 = Debug|Any CPU
		{5A4F697F-FDD1-4A57-8C0A-4C2C99AEA4B5}.Debug|x64.ActiveCfg = Debug|Any CPU
		{5A4F697F-FDD1-4A57-8C0A-4C2C99AEA4B5}.Debug|x64.Build.0 = Debug|Any CPU
		{5A4F697F-FDD1-4A57-8C0A-4C2C99AEA4B5}.Debug|x86.ActiveCfg = Debug|Any CPU
		{5A4F697F-FDD1-4A57-8C0A-4C2C99AEA4B5}.Debug|x86.Build.0 = Debug|Any CPU
		{5A4F697F-FDD1-4A57-8C0A-4C2C99AEA4B5}.Release|Any CPU.ActiveCfg = Release|Any CPU
		{5A4F697F-FDD1-4A57-8C0A-4C2C99AEA4B5}.Release|Any CPU.Build.0 = Release|Any CPU
		{5A4F697F-FDD1-4A57-8C0A-4C2C99AEA4B5}.Release|x64.ActiveCfg = Release|Any CPU
		{5A4F697F-FDD1-4A57-8C0A-4C2C99AEA4B5}.Release|x64.Build.0 = Release|Any CPU
		{5A4F697F-FDD1-4A57-8C0A-4C2C99AEA4B5}.Release|x86.ActiveCfg = Release|Any CPU
		{5A4F697F-FDD1-4A57-8C0A-4C2C99AEA4B5}.Release|x86.Build.0 = Release|Any CPU
		{F1959E05-E108-4423-B5BD-075F12BF8100}.Debug|Any CPU.ActiveCfg = Debug|Any CPU
		{F1959E05-E108-4423-B5BD-075F12BF8100}.Debug|Any CPU.Build.0 = Debug|Any CPU
		{F1959E05-E108-4423-B5BD-075F12BF8100}.Debug|x64.ActiveCfg = Debug|Any CPU
		{F1959E05-E108-4423-B5BD-075F12BF8100}.Debug|x64.Build.0 = Debug|Any CPU
		{F1959E05-E108-4423-B5BD-075F12BF8100}.Debug|x86.ActiveCfg = Debug|Any CPU
		{F1959E05-E108-4423-B5BD-075F12BF8100}.Debug|x86.Build.0 = Debug|Any CPU
		{F1959E05-E108-4423-B5BD-075F12BF8100}.Release|Any CPU.ActiveCfg = Release|Any CPU
		{F1959E05-E108-4423-B5BD-075F12BF8100}.Release|Any CPU.Build.0 = Release|Any CPU
		{F1959E05-E108-4423-B5BD-075F12BF8100}.Release|x64.ActiveCfg = Release|Any CPU
		{F1959E05-E108-4423-B5BD-075F12BF8100}.Release|x64.Build.0 = Release|Any CPU
		{F1959E05-E108-4423-B5BD-075F12BF8100}.Release|x86.ActiveCfg = Release|Any CPU
		{F1959E05-E108-4423-B5BD-075F12BF8100}.Release|x86.Build.0 = Release|Any CPU
	EndGlobalSection
EndGlobal
