
Microsoft Visual Studio Solution File, Format Version 12.00
# Visual Studio 15
VisualStudioVersion = 15.0.26124.0
MinimumVisualStudioVersion = 15.0.26124.0
Project("{FAE04EC0-301F-11D3-BF4B-00C04F79EFBC}") = "App.Services.Account", "App.Services.Account\App.Services.Account.csproj", "{1CC87BC7-DD59-488C-A369-F83DABF334AE}"
EndProject
Project("{FAE04EC0-301F-11D3-BF4B-00C04F79EFBC}") = "App.Services.Account.Tests", "App.Services.Account.Tests\App.Services.Account.Tests.csproj", "{24C9AF5D-119C-47A5-B496-2C5EFEFD9D4D}"
EndProject
Project("{FAE04EC0-301F-11D3-BF4B-00C04F79EFBC}") = "App.Services.Account.Contract", "App.Services.Account.Contract\App.Services.Account.Contract.csproj", "{3FFAA9B6-BB9C-461F-82D4-9501B621AF53}"
EndProject
Project("{FAE04EC0-301F-11D3-BF4B-00C04F79EFBC}") = "Framework", "..\Framework\Framework\Framework.csproj", "{0FA9D7FF-986E-4014-BFAB-3679F55507C1}"
EndProject
Project("{FAE04EC0-301F-11D3-BF4B-00C04F79EFBC}") = "Framework.Auth", "..\Framework\Framework.Auth\Framework.Auth.csproj", "{40BF832E-CDDF-4DD7-85DB-BAE0360E2FD9}"
EndProject
Project("{FAE04EC0-301F-11D3-BF4B-00C04F79EFBC}") = "Framework.CQRS", "..\Framework\Framework.CQRS\Framework.CQRS.csproj", "{6AACCCCE-5BEA-48B4-ACD4-AE6F12E98327}"
EndProject
Project("{FAE04EC0-301F-11D3-BF4B-00C04F79EFBC}") = "Framework.HTTP", "..\Framework\Framework.HTTP\Framework.HTTP.csproj", "{C62A97DE-C533-4103-B0B1-0944032AD218}"
EndProject
Project("{FAE04EC0-301F-11D3-BF4B-00C04F79EFBC}") = "Framework.MongoDb", "..\Framework\Framework.MongoDb\Framework.MongoDb.csproj", "{7AD4E688-03B1-4261-815A-E8EF5495D625}"
EndProject
Project("{FAE04EC0-301F-11D3-BF4B-00C04F79EFBC}") = "Framework.RabbitMq", "..\Framework\Framework.RabbitMq\Framework.RabbitMq.csproj", "{7B3DE81F-2CAA-496C-A6D4-910D6B190983}"
EndProject
Project("{FAE04EC0-301F-11D3-BF4B-00C04F79EFBC}") = "Framework.Swagger", "..\Framework\Framework.Swagger\Framework.Swagger.csproj", "{9E5A3D96-2539-4753-8110-2AC3D39157CA}"
EndProject
Global
	GlobalSection(SolutionConfigurationPlatforms) = preSolution
		Debug|Any CPU = Debug|Any CPU
		Debug|x64 = Debug|x64
		Debug|x86 = Debug|x86
		Release|Any CPU = Release|Any CPU
		Release|x64 = Release|x64
		Release|x86 = Release|x86
	EndGlobalSection
	GlobalSection(SolutionProperties) = preSolution
		HideSolutionNode = FALSE
	EndGlobalSection
	GlobalSection(ProjectConfigurationPlatforms) = postSolution
		{1CC87BC7-DD59-488C-A369-F83DABF334AE}.Debug|Any CPU.ActiveCfg = Debug|Any CPU
		{1CC87BC7-DD59-488C-A369-F83DABF334AE}.Debug|Any CPU.Build.0 = Debug|Any CPU
		{1CC87BC7-DD59-488C-A369-F83DABF334AE}.Debug|x64.ActiveCfg = Debug|Any CPU
		{1CC87BC7-DD59-488C-A369-F83DABF334AE}.Debug|x64.Build.0 = Debug|Any CPU
		{1CC87BC7-DD59-488C-A369-F83DABF334AE}.Debug|x86.ActiveCfg = Debug|Any CPU
		{1CC87BC7-DD59-488C-A369-F83DABF334AE}.Debug|x86.Build.0 = Debug|Any CPU
		{1CC87BC7-DD59-488C-A369-F83DABF334AE}.Release|Any CPU.ActiveCfg = Release|Any CPU
		{1CC87BC7-DD59-488C-A369-F83DABF334AE}.Release|Any CPU.Build.0 = Release|Any CPU
		{1CC87BC7-DD59-488C-A369-F83DABF334AE}.Release|x64.ActiveCfg = Release|Any CPU
		{1CC87BC7-DD59-488C-A369-F83DABF334AE}.Release|x64.Build.0 = Release|Any CPU
		{1CC87BC7-DD59-488C-A369-F83DABF334AE}.Release|x86.ActiveCfg = Release|Any CPU
		{1CC87BC7-DD59-488C-A369-F83DABF334AE}.Release|x86.Build.0 = Release|Any CPU
		{24C9AF5D-119C-47A5-B496-2C5EFEFD9D4D}.Debug|Any CPU.ActiveCfg = Debug|Any CPU
		{24C9AF5D-119C-47A5-B496-2C5EFEFD9D4D}.Debug|Any CPU.Build.0 = Debug|Any CPU
		{24C9AF5D-119C-47A5-B496-2C5EFEFD9D4D}.Debug|x64.ActiveCfg = Debug|Any CPU
		{24C9AF5D-119C-47A5-B496-2C5EFEFD9D4D}.Debug|x64.Build.0 = Debug|Any CPU
		{24C9AF5D-119C-47A5-B496-2C5EFEFD9D4D}.Debug|x86.ActiveCfg = Debug|Any CPU
		{24C9AF5D-119C-47A5-B496-2C5EFEFD9D4D}.Debug|x86.Build.0 = Debug|Any CPU
		{24C9AF5D-119C-47A5-B496-2C5EFEFD9D4D}.Release|Any CPU.ActiveCfg = Release|Any CPU
		{24C9AF5D-119C-47A5-B496-2C5EFEFD9D4D}.Release|Any CPU.Build.0 = Release|Any CPU
		{24C9AF5D-119C-47A5-B496-2C5EFEFD9D4D}.Release|x64.ActiveCfg = Release|Any CPU
		{24C9AF5D-119C-47A5-B496-2C5EFEFD9D4D}.Release|x64.Build.0 = Release|Any CPU
		{24C9AF5D-119C-47A5-B496-2C5EFEFD9D4D}.Release|x86.ActiveCfg = Release|Any CPU
		{24C9AF5D-119C-47A5-B496-2C5EFEFD9D4D}.Release|x86.Build.0 = Release|Any CPU
		{3FFAA9B6-BB9C-461F-82D4-9501B621AF53}.Debug|Any CPU.ActiveCfg = Debug|Any CPU
		{3FFAA9B6-BB9C-461F-82D4-9501B621AF53}.Debug|Any CPU.Build.0 = Debug|Any CPU
		{3FFAA9B6-BB9C-461F-82D4-9501B621AF53}.Debug|x64.ActiveCfg = Debug|Any CPU
		{3FFAA9B6-BB9C-461F-82D4-9501B621AF53}.Debug|x64.Build.0 = Debug|Any CPU
		{3FFAA9B6-BB9C-461F-82D4-9501B621AF53}.Debug|x86.ActiveCfg = Debug|Any CPU
		{3FFAA9B6-BB9C-461F-82D4-9501B621AF53}.Debug|x86.Build.0 = Debug|Any CPU
		{3FFAA9B6-BB9C-461F-82D4-9501B621AF53}.Release|Any CPU.ActiveCfg = Release|Any CPU
		{3FFAA9B6-BB9C-461F-82D4-9501B621AF53}.Release|Any CPU.Build.0 = Release|Any CPU
		{3FFAA9B6-BB9C-461F-82D4-9501B621AF53}.Release|x64.ActiveCfg = Release|Any CPU
		{3FFAA9B6-BB9C-461F-82D4-9501B621AF53}.Release|x64.Build.0 = Release|Any CPU
		{3FFAA9B6-BB9C-461F-82D4-9501B621AF53}.Release|x86.ActiveCfg = Release|Any CPU
		{3FFAA9B6-BB9C-461F-82D4-9501B621AF53}.Release|x86.Build.0 = Release|Any CPU
		{0FA9D7FF-986E-4014-BFAB-3679F55507C1}.Debug|Any CPU.ActiveCfg = Debug|Any CPU
		{0FA9D7FF-986E-4014-BFAB-3679F55507C1}.Debug|Any CPU.Build.0 = Debug|Any CPU
		{0FA9D7FF-986E-4014-BFAB-3679F55507C1}.Debug|x64.ActiveCfg = Debug|Any CPU
		{0FA9D7FF-986E-4014-BFAB-3679F55507C1}.Debug|x64.Build.0 = Debug|Any CPU
		{0FA9D7FF-986E-4014-BFAB-3679F55507C1}.Debug|x86.ActiveCfg = Debug|Any CPU
		{0FA9D7FF-986E-4014-BFAB-3679F55507C1}.Debug|x86.Build.0 = Debug|Any CPU
		{0FA9D7FF-986E-4014-BFAB-3679F55507C1}.Release|Any CPU.ActiveCfg = Release|Any CPU
		{0FA9D7FF-986E-4014-BFAB-3679F55507C1}.Release|Any CPU.Build.0 = Release|Any CPU
		{0FA9D7FF-986E-4014-BFAB-3679F55507C1}.Release|x64.ActiveCfg = Release|Any CPU
		{0FA9D7FF-986E-4014-BFAB-3679F55507C1}.Release|x64.Build.0 = Release|Any CPU
		{0FA9D7FF-986E-4014-BFAB-3679F55507C1}.Release|x86.ActiveCfg = Release|Any CPU
		{0FA9D7FF-986E-4014-BFAB-3679F55507C1}.Release|x86.Build.0 = Release|Any CPU
		{40BF832E-CDDF-4DD7-85DB-BAE0360E2FD9}.Debug|Any CPU.ActiveCfg = Debug|Any CPU
		{40BF832E-CDDF-4DD7-85DB-BAE0360E2FD9}.Debug|Any CPU.Build.0 = Debug|Any CPU
		{40BF832E-CDDF-4DD7-85DB-BAE0360E2FD9}.Debug|x64.ActiveCfg = Debug|Any CPU
		{40BF832E-CDDF-4DD7-85DB-BAE0360E2FD9}.Debug|x64.Build.0 = Debug|Any CPU
		{40BF832E-CDDF-4DD7-85DB-BAE0360E2FD9}.Debug|x86.ActiveCfg = Debug|Any CPU
		{40BF832E-CDDF-4DD7-85DB-BAE0360E2FD9}.Debug|x86.Build.0 = Debug|Any CPU
		{40BF832E-CDDF-4DD7-85DB-BAE0360E2FD9}.Release|Any CPU.ActiveCfg = Release|Any CPU
		{40BF832E-CDDF-4DD7-85DB-BAE0360E2FD9}.Release|Any CPU.Build.0 = Release|Any CPU
		{40BF832E-CDDF-4DD7-85DB-BAE0360E2FD9}.Release|x64.ActiveCfg = Release|Any CPU
		{40BF832E-CDDF-4DD7-85DB-BAE0360E2FD9}.Release|x64.Build.0 = Release|Any CPU
		{40BF832E-CDDF-4DD7-85DB-BAE0360E2FD9}.Release|x86.ActiveCfg = Release|Any CPU
		{40BF832E-CDDF-4DD7-85DB-BAE0360E2FD9}.Release|x86.Build.0 = Release|Any CPU
		{6AACCCCE-5BEA-48B4-ACD4-AE6F12E98327}.Debug|Any CPU.ActiveCfg = Debug|Any CPU
		{6AACCCCE-5BEA-48B4-ACD4-AE6F12E98327}.Debug|Any CPU.Build.0 = Debug|Any CPU
		{6AACCCCE-5BEA-48B4-ACD4-AE6F12E98327}.Debug|x64.ActiveCfg = Debug|Any CPU
		{6AACCCCE-5BEA-48B4-ACD4-AE6F12E98327}.Debug|x64.Build.0 = Debug|Any CPU
		{6AACCCCE-5BEA-48B4-ACD4-AE6F12E98327}.Debug|x86.ActiveCfg = Debug|Any CPU
		{6AACCCCE-5BEA-48B4-ACD4-AE6F12E98327}.Debug|x86.Build.0 = Debug|Any CPU
		{6AACCCCE-5BEA-48B4-ACD4-AE6F12E98327}.Release|Any CPU.ActiveCfg = Release|Any CPU
		{6AACCCCE-5BEA-48B4-ACD4-AE6F12E98327}.Release|Any CPU.Build.0 = Release|Any CPU
		{6AACCCCE-5BEA-48B4-ACD4-AE6F12E98327}.Release|x64.ActiveCfg = Release|Any CPU
		{6AACCCCE-5BEA-48B4-ACD4-AE6F12E98327}.Release|x64.Build.0 = Release|Any CPU
		{6AACCCCE-5BEA-48B4-ACD4-AE6F12E98327}.Release|x86.ActiveCfg = Release|Any CPU
		{6AACCCCE-5BEA-48B4-ACD4-AE6F12E98327}.Release|x86.Build.0 = Release|Any CPU
		{C62A97DE-C533-4103-B0B1-0944032AD218}.Debug|Any CPU.ActiveCfg = Debug|Any CPU
		{C62A97DE-C533-4103-B0B1-0944032AD218}.Debug|Any CPU.Build.0 = Debug|Any CPU
		{C62A97DE-C533-4103-B0B1-0944032AD218}.Debug|x64.ActiveCfg = Debug|Any CPU
		{C62A97DE-C533-4103-B0B1-0944032AD218}.Debug|x64.Build.0 = Debug|Any CPU
		{C62A97DE-C533-4103-B0B1-0944032AD218}.Debug|x86.ActiveCfg = Debug|Any CPU
		{C62A97DE-C533-4103-B0B1-0944032AD218}.Debug|x86.Build.0 = Debug|Any CPU
		{C62A97DE-C533-4103-B0B1-0944032AD218}.Release|Any CPU.ActiveCfg = Release|Any CPU
		{C62A97DE-C533-4103-B0B1-0944032AD218}.Release|Any CPU.Build.0 = Release|Any CPU
		{C62A97DE-C533-4103-B0B1-0944032AD218}.Release|x64.ActiveCfg = Release|Any CPU
		{C62A97DE-C533-4103-B0B1-0944032AD218}.Release|x64.Build.0 = Release|Any CPU
		{C62A97DE-C533-4103-B0B1-0944032AD218}.Release|x86.ActiveCfg = Release|Any CPU
		{C62A97DE-C533-4103-B0B1-0944032AD218}.Release|x86.Build.0 = Release|Any CPU
		{7AD4E688-03B1-4261-815A-E8EF5495D625}.Debug|Any CPU.ActiveCfg = Debug|Any CPU
		{7AD4E688-03B1-4261-815A-E8EF5495D625}.Debug|Any CPU.Build.0 = Debug|Any CPU
		{7AD4E688-03B1-4261-815A-E8EF5495D625}.Debug|x64.ActiveCfg = Debug|Any CPU
		{7AD4E688-03B1-4261-815A-E8EF5495D625}.Debug|x64.Build.0 = Debug|Any CPU
		{7AD4E688-03B1-4261-815A-E8EF5495D625}.Debug|x86.ActiveCfg = Debug|Any CPU
		{7AD4E688-03B1-4261-815A-E8EF5495D625}.Debug|x86.Build.0 = Debug|Any CPU
		{7AD4E688-03B1-4261-815A-E8EF5495D625}.Release|Any CPU.ActiveCfg = Release|Any CPU
		{7AD4E688-03B1-4261-815A-E8EF5495D625}.Release|Any CPU.Build.0 = Release|Any CPU
		{7AD4E688-03B1-4261-815A-E8EF5495D625}.Release|x64.ActiveCfg = Release|Any CPU
		{7AD4E688-03B1-4261-815A-E8EF5495D625}.Release|x64.Build.0 = Release|Any CPU
		{7AD4E688-03B1-4261-815A-E8EF5495D625}.Release|x86.ActiveCfg = Release|Any CPU
		{7AD4E688-03B1-4261-815A-E8EF5495D625}.Release|x86.Build.0 = Release|Any CPU
		{7B3DE81F-2CAA-496C-A6D4-910D6B190983}.Debug|Any CPU.ActiveCfg = Debug|Any CPU
		{7B3DE81F-2CAA-496C-A6D4-910D6B190983}.Debug|Any CPU.Build.0 = Debug|Any CPU
		{7B3DE81F-2CAA-496C-A6D4-910D6B190983}.Debug|x64.ActiveCfg = Debug|Any CPU
		{7B3DE81F-2CAA-496C-A6D4-910D6B190983}.Debug|x64.Build.0 = Debug|Any CPU
		{7B3DE81F-2CAA-496C-A6D4-910D6B190983}.Debug|x86.ActiveCfg = Debug|Any CPU
		{7B3DE81F-2CAA-496C-A6D4-910D6B190983}.Debug|x86.Build.0 = Debug|Any CPU
		{7B3DE81F-2CAA-496C-A6D4-910D6B190983}.Release|Any CPU.ActiveCfg = Release|Any CPU
		{7B3DE81F-2CAA-496C-A6D4-910D6B190983}.Release|Any CPU.Build.0 = Release|Any CPU
		{7B3DE81F-2CAA-496C-A6D4-910D6B190983}.Release|x64.ActiveCfg = Release|Any CPU
		{7B3DE81F-2CAA-496C-A6D4-910D6B190983}.Release|x64.Build.0 = Release|Any CPU
		{7B3DE81F-2CAA-496C-A6D4-910D6B190983}.Release|x86.ActiveCfg = Release|Any CPU
		{7B3DE81F-2CAA-496C-A6D4-910D6B190983}.Release|x86.Build.0 = Release|Any CPU
		{9E5A3D96-2539-4753-8110-2AC3D39157CA}.Debug|Any CPU.ActiveCfg = Debug|Any CPU
		{9E5A3D96-2539-4753-8110-2AC3D39157CA}.Debug|Any CPU.Build.0 = Debug|Any CPU
		{9E5A3D96-2539-4753-8110-2AC3D39157CA}.Debug|x64.ActiveCfg = Debug|Any CPU
		{9E5A3D96-2539-4753-8110-2AC3D39157CA}.Debug|x64.Build.0 = Debug|Any CPU
		{9E5A3D96-2539-4753-8110-2AC3D39157CA}.Debug|x86.ActiveCfg = Debug|Any CPU
		{9E5A3D96-2539-4753-8110-2AC3D39157CA}.Debug|x86.Build.0 = Debug|Any CPU
		{9E5A3D96-2539-4753-8110-2AC3D39157CA}.Release|Any CPU.ActiveCfg = Release|Any CPU
		{9E5A3D96-2539-4753-8110-2AC3D39157CA}.Release|Any CPU.Build.0 = Release|Any CPU
		{9E5A3D96-2539-4753-8110-2AC3D39157CA}.Release|x64.ActiveCfg = Release|Any CPU
		{9E5A3D96-2539-4753-8110-2AC3D39157CA}.Release|x64.Build.0 = Release|Any CPU
		{9E5A3D96-2539-4753-8110-2AC3D39157CA}.Release|x86.ActiveCfg = Release|Any CPU
		{9E5A3D96-2539-4753-8110-2AC3D39157CA}.Release|x86.Build.0 = Release|Any CPU
	EndGlobalSection
EndGlobal
